
Microsoft Visual Studio Solution File, Format Version 12.00
# Visual Studio Version 16
VisualStudioVersion = 16.0.29509.3
MinimumVisualStudioVersion = 10.0.40219.1
Project("{9092AA53-FB77-4645-B42D-1CCCA6BD08BD}") = "PleaseWork", "PleaseWork\PleaseWork.njsproj", "{0C081FB4-64AC-4803-99EF-76BE2AA9371C}"
EndProject
Global
	GlobalSection(SolutionConfigurationPlatforms) = preSolution
		Debug|Any CPU = Debug|Any CPU
		Release|Any CPU = Release|Any CPU
	EndGlobalSection
	GlobalSection(ProjectConfigurationPlatforms) = postSolution
		{0C081FB4-64AC-4803-99EF-76BE2AA9371C}.Debug|Any CPU.ActiveCfg = Debug|Any CPU
		{0C081FB4-64AC-4803-99EF-76BE2AA9371C}.Debug|Any CPU.Build.0 = Debug|Any CPU
		{0C081FB4-64AC-4803-99EF-76BE2AA9371C}.Release|Any CPU.ActiveCfg = Release|Any CPU
		{0C081FB4-64AC-4803-99EF-76BE2AA9371C}.Release|Any CPU.Build.0 = Release|Any CPU
	EndGlobalSection
	GlobalSection(SolutionProperties) = preSolution
		HideSolutionNode = FALSE
	EndGlobalSection
	GlobalSection(ExtensibilityGlobals) = postSolution
		SolutionGuid = {1FF37EA4-DD33-470E-8EEF-7CC5803ABB1C}
	EndGlobalSection
EndGlobal
